
Microsoft Visual Studio Solution File, Format Version 12.00
# Visual Studio Version 16
VisualStudioVersion = 16.0.29519.87
MinimumVisualStudioVersion = 10.0.40219.1
Project("{8BC9CEB8-8B4A-11D0-8D11-00A0C91BC942}") = "lab05(Quick sort)", "lab05(Quick sort)\lab05(Quick sort).vcxproj", "{72D59895-23A5-42C5-9D35-91A04B591296}"
EndProject
Project("{8BC9CEB8-8B4A-11D0-8D11-00A0C91BC942}") = "lab05(Quick Sort)(Forms)", "lab05(Quick Sort)(Forms)\lab05(Quick Sort)(Forms).vcxproj", "{7E79983A-42A6-4ABF-8500-BB71D2FF70A1}"
EndProject
Global
	GlobalSection(SolutionConfigurationPlatforms) = preSolution
		Debug|x64 = Debug|x64
		Debug|x86 = Debug|x86
		Release|x64 = Release|x64
		Release|x86 = Release|x86
	EndGlobalSection
	GlobalSection(ProjectConfigurationPlatforms) = postSolution
		{72D59895-23A5-42C5-9D35-91A04B591296}.Debug|x64.ActiveCfg = Debug|x64
		{72D59895-23A5-42C5-9D35-91A04B591296}.Debug|x64.Build.0 = Debug|x64
		{72D59895-23A5-42C5-9D35-91A04B591296}.Debug|x86.ActiveCfg = Debug|Win32
		{72D59895-23A5-42C5-9D35-91A04B591296}.Debug|x86.Build.0 = Debug|Win32
		{72D59895-23A5-42C5-9D35-91A04B591296}.Release|x64.ActiveCfg = Release|x64
		{72D59895-23A5-42C5-9D35-91A04B591296}.Release|x64.Build.0 = Release|x64
		{72D59895-23A5-42C5-9D35-91A04B591296}.Release|x86.ActiveCfg = Release|Win32
		{72D59895-23A5-42C5-9D35-91A04B591296}.Release|x86.Build.0 = Release|Win32
		{7E79983A-42A6-4ABF-8500-BB71D2FF70A1}.Debug|x64.ActiveCfg = Debug|x64
		{7E79983A-42A6-4ABF-8500-BB71D2FF70A1}.Debug|x64.Build.0 = Debug|x64
		{7E79983A-42A6-4ABF-8500-BB71D2FF70A1}.Debug|x86.ActiveCfg = Debug|Win32
		{7E79983A-42A6-4ABF-8500-BB71D2FF70A1}.Debug|x86.Build.0 = Debug|Win32
		{7E79983A-42A6-4ABF-8500-BB71D2FF70A1}.Release|x64.ActiveCfg = Release|x64
		{7E79983A-42A6-4ABF-8500-BB71D2FF70A1}.Release|x64.Build.0 = Release|x64
		{7E79983A-42A6-4ABF-8500-BB71D2FF70A1}.Release|x86.ActiveCfg = Release|Win32
		{7E79983A-42A6-4ABF-8500-BB71D2FF70A1}.Release|x86.Build.0 = Release|Win32
	EndGlobalSection
	GlobalSection(SolutionProperties) = preSolution
		HideSolutionNode = FALSE
	EndGlobalSection
	GlobalSection(ExtensibilityGlobals) = postSolution
		SolutionGuid = {041C1AC5-9C70-4179-89E8-20F0C1BD7547}
	EndGlobalSection
EndGlobal
